
Microsoft Visual Studio Solution File, Format Version 12.00
# Visual Studio 15
VisualStudioVersion = 15.0.28307.1022
MinimumVisualStudioVersion = 10.0.40219.1
Project("{E24C65DC-7377-472B-9ABA-BC803B73C61A}") = "jeopardy", ".", "{15B2327A-A8C9-4E8E-86A1-EF1630E06BC8}"
	ProjectSection(WebsiteProperties) = preProject
		TargetFrameworkMoniker = ".NETFramework,Version%3Dv4.0"
		Debug.AspNetCompiler.VirtualPath = "/localhost_61597"
		Debug.AspNetCompiler.PhysicalPath = "..\jeopardy\"
		Debug.AspNetCompiler.TargetPath = "PrecompiledWeb\localhost_61597\"
		Debug.AspNetCompiler.Updateable = "true"
		Debug.AspNetCompiler.ForceOverwrite = "true"
		Debug.AspNetCompiler.FixedNames = "false"
		Debug.AspNetCompiler.Debug = "True"
		Release.AspNetCompiler.VirtualPath = "/localhost_61597"
		Release.AspNetCompiler.PhysicalPath = "..\jeopardy\"
		Release.AspNetCompiler.TargetPath = "PrecompiledWeb\localhost_61597\"
		Release.AspNetCompiler.Updateable = "true"
		Release.AspNetCompiler.ForceOverwrite = "true"
		Release.AspNetCompiler.FixedNames = "false"
		Release.AspNetCompiler.Debug = "False"
		VWDPort = "61597"
		SlnRelativePath = "..\jeopardy\"
	EndProjectSection
EndProject
Global
	GlobalSection(SolutionConfigurationPlatforms) = preSolution
		Debug|Any CPU = Debug|Any CPU
	EndGlobalSection
	GlobalSection(ProjectConfigurationPlatforms) = postSolution
		{15B2327A-A8C9-4E8E-86A1-EF1630E06BC8}.Debug|Any CPU.ActiveCfg = Debug|Any CPU
		{15B2327A-A8C9-4E8E-86A1-EF1630E06BC8}.Debug|Any CPU.Build.0 = Debug|Any CPU
	EndGlobalSection
	GlobalSection(SolutionProperties) = preSolution
		HideSolutionNode = FALSE
	EndGlobalSection
	GlobalSection(ExtensibilityGlobals) = postSolution
		SolutionGuid = {EC00D13C-A2E8-4B03-99D2-00FF78CFA3D6}
	EndGlobalSection
EndGlobal
